
Microsoft Visual Studio Solution File, Format Version 12.00
# Visual Studio 15
VisualStudioVersion = 15.0.27428.2043
MinimumVisualStudioVersion = 10.0.40219.1
Project("{FAE04EC0-301F-11D3-BF4B-00C04F79EFBC}") = "Twi", "Twi\Twi.csproj", "{BAFEF502-E82F-477B-A791-015B711ECA63}"
EndProject
Project("{FAE04EC0-301F-11D3-BF4B-00C04F79EFBC}") = "Twi.Example", "Twi.Example\Twi.Example.csproj", "{5E9567DB-5189-4F76-9493-9FD9ED30227C}"
EndProject
Global
	GlobalSection(SolutionConfigurationPlatforms) = preSolution
		Debug|Any CPU = Debug|Any CPU
		Release|Any CPU = Release|Any CPU
	EndGlobalSection
	GlobalSection(ProjectConfigurationPlatforms) = postSolution
		{BAFEF502-E82F-477B-A791-015B711ECA63}.Debug|Any CPU.ActiveCfg = Debug|Any CPU
		{BAFEF502-E82F-477B-A791-015B711ECA63}.Debug|Any CPU.Build.0 = Debug|Any CPU
		{BAFEF502-E82F-477B-A791-015B711ECA63}.Release|Any CPU.ActiveCfg = Release|Any CPU
		{BAFEF502-E82F-477B-A791-015B711ECA63}.Release|Any CPU.Build.0 = Release|Any CPU
		{5E9567DB-5189-4F76-9493-9FD9ED30227C}.Debug|Any CPU.ActiveCfg = Debug|Any CPU
		{5E9567DB-5189-4F76-9493-9FD9ED30227C}.Debug|Any CPU.Build.0 = Debug|Any CPU
		{5E9567DB-5189-4F76-9493-9FD9ED30227C}.Release|Any CPU.ActiveCfg = Release|Any CPU
		{5E9567DB-5189-4F76-9493-9FD9ED30227C}.Release|Any CPU.Build.0 = Release|Any CPU
	EndGlobalSection
	GlobalSection(SolutionProperties) = preSolution
		HideSolutionNode = FALSE
	EndGlobalSection
	GlobalSection(ExtensibilityGlobals) = postSolution
		SolutionGuid = {E4A4C990-0262-495D-BEC7-5199B63A325B}
	EndGlobalSection
EndGlobal
